
Microsoft Visual Studio Solution File, Format Version 12.00
# Visual Studio 15
VisualStudioVersion = 15.0.26124.0
MinimumVisualStudioVersion = 15.0.26124.0
Project("{2150E333-8FDC-42A3-9474-1A3956D46DE8}") = "src", "src", "{8D07600F-6EEC-4C99-8176-C6F7BAC89ADA}"
EndProject
Project("{FAE04EC0-301F-11D3-BF4B-00C04F79EFBC}") = "Kevsoft.RTTTL", "src\Kevsoft.RTTTL\Kevsoft.RTTTL.csproj", "{EB269961-D7C5-49EC-81CA-2154AF3FC988}"
EndProject
Project("{2150E333-8FDC-42A3-9474-1A3956D46DE8}") = "test", "test", "{9382FDBE-C7AE-4C45-AD62-2F5AE8763A43}"
EndProject
Project("{FAE04EC0-301F-11D3-BF4B-00C04F79EFBC}") = "Kevsoft.RTTTL.Tests", "test\Kevsoft.RTTTL.Tests\Kevsoft.RTTTL.Tests.csproj", "{175DB9EA-9FEC-4E44-89CC-45EBE297D7CA}"
EndProject
Project("{FAE04EC0-301F-11D3-BF4B-00C04F79EFBC}") = "ConsoleBeep", "samples\ConsoleBeep\ConsoleBeep.csproj", "{5B228CFD-59E9-46D8-AA6E-DCD95A45BD66}"
EndProject
Project("{2150E333-8FDC-42A3-9474-1A3956D46DE8}") = "samples", "samples", "{4CD73ECC-B62D-4192-9F2A-F9DBB4D6FCF0}"
EndProject
Project("{FAE04EC0-301F-11D3-BF4B-00C04F79EFBC}") = "Kevsoft.RTTTL.Console", "src\Kevsoft.RTTTL.Console\Kevsoft.RTTTL.Console.csproj", "{C5CE62F4-4104-431E-AD16-864A2B1D2B43}"
EndProject
Global
	GlobalSection(SolutionConfigurationPlatforms) = preSolution
		Debug|Any CPU = Debug|Any CPU
		Debug|x64 = Debug|x64
		Debug|x86 = Debug|x86
		Release|Any CPU = Release|Any CPU
		Release|x64 = Release|x64
		Release|x86 = Release|x86
	EndGlobalSection
	GlobalSection(SolutionProperties) = preSolution
		HideSolutionNode = FALSE
	EndGlobalSection
	GlobalSection(ProjectConfigurationPlatforms) = postSolution
		{EB269961-D7C5-49EC-81CA-2154AF3FC988}.Debug|Any CPU.ActiveCfg = Debug|Any CPU
		{EB269961-D7C5-49EC-81CA-2154AF3FC988}.Debug|Any CPU.Build.0 = Debug|Any CPU
		{EB269961-D7C5-49EC-81CA-2154AF3FC988}.Debug|x64.ActiveCfg = Debug|Any CPU
		{EB269961-D7C5-49EC-81CA-2154AF3FC988}.Debug|x64.Build.0 = Debug|Any CPU
		{EB269961-D7C5-49EC-81CA-2154AF3FC988}.Debug|x86.ActiveCfg = Debug|Any CPU
		{EB269961-D7C5-49EC-81CA-2154AF3FC988}.Debug|x86.Build.0 = Debug|Any CPU
		{EB269961-D7C5-49EC-81CA-2154AF3FC988}.Release|Any CPU.ActiveCfg = Release|Any CPU
		{EB269961-D7C5-49EC-81CA-2154AF3FC988}.Release|Any CPU.Build.0 = Release|Any CPU
		{EB269961-D7C5-49EC-81CA-2154AF3FC988}.Release|x64.ActiveCfg = Release|Any CPU
		{EB269961-D7C5-49EC-81CA-2154AF3FC988}.Release|x64.Build.0 = Release|Any CPU
		{EB269961-D7C5-49EC-81CA-2154AF3FC988}.Release|x86.ActiveCfg = Release|Any CPU
		{EB269961-D7C5-49EC-81CA-2154AF3FC988}.Release|x86.Build.0 = Release|Any CPU
		{175DB9EA-9FEC-4E44-89CC-45EBE297D7CA}.Debug|Any CPU.ActiveCfg = Debug|Any CPU
		{175DB9EA-9FEC-4E44-89CC-45EBE297D7CA}.Debug|Any CPU.Build.0 = Debug|Any CPU
		{175DB9EA-9FEC-4E44-89CC-45EBE297D7CA}.Debug|x64.ActiveCfg = Debug|Any CPU
		{175DB9EA-9FEC-4E44-89CC-45EBE297D7CA}.Debug|x64.Build.0 = Debug|Any CPU
		{175DB9EA-9FEC-4E44-89CC-45EBE297D7CA}.Debug|x86.ActiveCfg = Debug|Any CPU
		{175DB9EA-9FEC-4E44-89CC-45EBE297D7CA}.Debug|x86.Build.0 = Debug|Any CPU
		{175DB9EA-9FEC-4E44-89CC-45EBE297D7CA}.Release|Any CPU.ActiveCfg = Release|Any CPU
		{175DB9EA-9FEC-4E44-89CC-45EBE297D7CA}.Release|Any CPU.Build.0 = Release|Any CPU
		{175DB9EA-9FEC-4E44-89CC-45EBE297D7CA}.Release|x64.ActiveCfg = Release|Any CPU
		{175DB9EA-9FEC-4E44-89CC-45EBE297D7CA}.Release|x64.Build.0 = Release|Any CPU
		{175DB9EA-9FEC-4E44-89CC-45EBE297D7CA}.Release|x86.ActiveCfg = Release|Any CPU
		{175DB9EA-9FEC-4E44-89CC-45EBE297D7CA}.Release|x86.Build.0 = Release|Any CPU
		{5B228CFD-59E9-46D8-AA6E-DCD95A45BD66}.Debug|Any CPU.ActiveCfg = Debug|Any CPU
		{5B228CFD-59E9-46D8-AA6E-DCD95A45BD66}.Debug|Any CPU.Build.0 = Debug|Any CPU
		{5B228CFD-59E9-46D8-AA6E-DCD95A45BD66}.Debug|x64.ActiveCfg = Debug|Any CPU
		{5B228CFD-59E9-46D8-AA6E-DCD95A45BD66}.Debug|x64.Build.0 = Debug|Any CPU
		{5B228CFD-59E9-46D8-AA6E-DCD95A45BD66}.Debug|x86.ActiveCfg = Debug|Any CPU
		{5B228CFD-59E9-46D8-AA6E-DCD95A45BD66}.Debug|x86.Build.0 = Debug|Any CPU
		{5B228CFD-59E9-46D8-AA6E-DCD95A45BD66}.Release|Any CPU.ActiveCfg = Release|Any CPU
		{5B228CFD-59E9-46D8-AA6E-DCD95A45BD66}.Release|Any CPU.Build.0 = Release|Any CPU
		{5B228CFD-59E9-46D8-AA6E-DCD95A45BD66}.Release|x64.ActiveCfg = Release|Any CPU
		{5B228CFD-59E9-46D8-AA6E-DCD95A45BD66}.Release|x64.Build.0 = Release|Any CPU
		{5B228CFD-59E9-46D8-AA6E-DCD95A45BD66}.Release|x86.ActiveCfg = Release|Any CPU
		{5B228CFD-59E9-46D8-AA6E-DCD95A45BD66}.Release|x86.Build.0 = Release|Any CPU
		{C5CE62F4-4104-431E-AD16-864A2B1D2B43}.Debug|Any CPU.ActiveCfg = Debug|Any CPU
		{C5CE62F4-4104-431E-AD16-864A2B1D2B43}.Debug|Any CPU.Build.0 = Debug|Any CPU
		{C5CE62F4-4104-431E-AD16-864A2B1D2B43}.Debug|x64.ActiveCfg = Debug|Any CPU
		{C5CE62F4-4104-431E-AD16-864A2B1D2B43}.Debug|x64.Build.0 = Debug|Any CPU
		{C5CE62F4-4104-431E-AD16-864A2B1D2B43}.Debug|x86.ActiveCfg = Debug|Any CPU
		{C5CE62F4-4104-431E-AD16-864A2B1D2B43}.Debug|x86.Build.0 = Debug|Any CPU
		{C5CE62F4-4104-431E-AD16-864A2B1D2B43}.Release|Any CPU.ActiveCfg = Release|Any CPU
		{C5CE62F4-4104-431E-AD16-864A2B1D2B43}.Release|Any CPU.Build.0 = Release|Any CPU
		{C5CE62F4-4104-431E-AD16-864A2B1D2B43}.Release|x64.ActiveCfg = Release|Any CPU
		{C5CE62F4-4104-431E-AD16-864A2B1D2B43}.Release|x64.Build.0 = Release|Any CPU
		{C5CE62F4-4104-431E-AD16-864A2B1D2B43}.Release|x86.ActiveCfg = Release|Any CPU
		{C5CE62F4-4104-431E-AD16-864A2B1D2B43}.Release|x86.Build.0 = Release|Any CPU
	EndGlobalSection
	GlobalSection(NestedProjects) = preSolution
		{EB269961-D7C5-49EC-81CA-2154AF3FC988} = {8D07600F-6EEC-4C99-8176-C6F7BAC89ADA}
		{175DB9EA-9FEC-4E44-89CC-45EBE297D7CA} = {9382FDBE-C7AE-4C45-AD62-2F5AE8763A43}
		{5B228CFD-59E9-46D8-AA6E-DCD95A45BD66} = {4CD73ECC-B62D-4192-9F2A-F9DBB4D6FCF0}
		{C5CE62F4-4104-431E-AD16-864A2B1D2B43} = {8D07600F-6EEC-4C99-8176-C6F7BAC89ADA}
	EndGlobalSection
EndGlobal
